
Microsoft Visual Studio Solution File, Format Version 12.00
Project("{FAE04EC0-301F-11D3-BF4B-00C04F79EFBC}") = "Events", "Events\Events.csproj", "{60BACCC1-B2F3-457C-80CD-0F56873CFF9F}"
EndProject
Global
	GlobalSection(SolutionConfigurationPlatforms) = preSolution
		Debug|Any CPU = Debug|Any CPU
		Release|Any CPU = Release|Any CPU
	EndGlobalSection
	GlobalSection(ProjectConfigurationPlatforms) = postSolution
		{60BACCC1-B2F3-457C-80CD-0F56873CFF9F}.Debug|Any CPU.ActiveCfg = Debug|Any CPU
		{60BACCC1-B2F3-457C-80CD-0F56873CFF9F}.Debug|Any CPU.Build.0 = Debug|Any CPU
		{60BACCC1-B2F3-457C-80CD-0F56873CFF9F}.Release|Any CPU.ActiveCfg = Release|Any CPU
		{60BACCC1-B2F3-457C-80CD-0F56873CFF9F}.Release|Any CPU.Build.0 = Release|Any CPU
	EndGlobalSection
EndGlobal
